
Microsoft Visual Studio Solution File, Format Version 12.00
# Visual Studio Version 16
VisualStudioVersion = 16.0.29519.181
MinimumVisualStudioVersion = 10.0.40219.1
Project("{FAE04EC0-301F-11D3-BF4B-00C04F79EFBC}") = "StudyApp", "StudyApp\StudyApp.csproj", "{89A1F290-2584-437E-9749-E348843BE156}"
EndProject
Global
	GlobalSection(SolutionConfigurationPlatforms) = preSolution
		Debug|Any CPU = Debug|Any CPU
		Release|Any CPU = Release|Any CPU
	EndGlobalSection
	GlobalSection(ProjectConfigurationPlatforms) = postSolution
		{89A1F290-2584-437E-9749-E348843BE156}.Debug|Any CPU.ActiveCfg = Debug|Any CPU
		{89A1F290-2584-437E-9749-E348843BE156}.Debug|Any CPU.Build.0 = Debug|Any CPU
		{89A1F290-2584-437E-9749-E348843BE156}.Release|Any CPU.ActiveCfg = Release|Any CPU
		{89A1F290-2584-437E-9749-E348843BE156}.Release|Any CPU.Build.0 = Release|Any CPU
	EndGlobalSection
	GlobalSection(SolutionProperties) = preSolution
		HideSolutionNode = FALSE
	EndGlobalSection
	GlobalSection(ExtensibilityGlobals) = postSolution
		SolutionGuid = {2962D4EC-9A4D-4862-9900-2CB285A2D351}
	EndGlobalSection
EndGlobal
